<Solution>
  <Folder Name="/Solution Items/">
    <File Path="Directory.Build.props" />
    <File Path="Directory.Build.targets" />
    <File Path="Directory.Packages.props" />
    <File Path=".editorconfig" />
    <File Path=".gitignore" />
    <File Path="Pack-Local.ps1" />
    <File Path="UpVersion.cs" />
  </Folder>
  <Folder Name="/samples/" />
  <Folder Name="/samples/Avalonia/">
    <Project Path="samples/Avalonia/Sample.Avalonia.Android/Sample.Avalonia.Android.csproj" Id="03dfa1f0-9e7b-465d-ba38-54eaddbe7f40">
      <Build Solution="Release|*" Project="false" />
      <Deploy />
    </Project>
    <Project Path="samples/Avalonia/Sample.Avalonia.Desktop/Sample.Avalonia.Desktop.csproj" Id="c867c831-6d98-40ad-a7ed-85907eb5d7b2" />
    <Project Path="samples/Avalonia/Sample.Avalonia.iOS/Sample.Avalonia.iOS.csproj" Id="c556b191-2442-42b3-987b-f1903e90fd3e">
      <Deploy />
    </Project>
    <Project Path="samples/Avalonia/Sample.Avalonia/Sample.Avalonia.csproj" Id="df15b951-3d3d-4667-81b8-b643470a51ed" />
  </Folder>
  <Folder Name="/samples/Common/">
    <Project Path="samples/Common/Sample.Common/Sample.Common.csproj" Id="b20c8895-0afc-4bb6-b9a0-7dc53c04412a" />
  </Folder>
  <Folder Name="/samples/Maui/">
    <Project Path="samples/Maui/Sample.Maui/Sample.Maui.csproj" Id="ac962385-b0d4-4a4d-9b38-7c285c548f5b">
      <Deploy />
    </Project>
  </Folder>
  <Folder Name="/samples/Wpf/">
    <Project Path="samples/Wpf/Sample.Wpf/Sample.Wpf.csproj" />
  </Folder>
  <Folder Name="/src/" />
  <Folder Name="/src/Abstractions/">
    <Project Path="src/Abstractions/MvvmNav.Abstractions.csproj" />
  </Folder>
  <Folder Name="/src/Avalonia/">
    <Project Path="src/Avalonia/MvvmNav.Avalonia.csproj" />
  </Folder>
  <Folder Name="/src/Core/">
    <Project Path="src/Core/MvvmNav.Core.csproj" />
  </Folder>
  <Folder Name="/src/Maui/">
    <Project Path="src/Maui/MvvmNav.Maui.csproj" />
  </Folder>
  <Folder Name="/src/Wpf/">
    <Project Path="src/Wpf/MvvmNav.Wpf.csproj" />
  </Folder>
  <Folder Name="/tests/" />
  <Folder Name="/tests/Core/">
    <Project Path="tests/Core/MvvmNav.Core.Tests.csproj" />
  </Folder>
</Solution>
